{
  "name": "codekit-project",
  "version": "1.0.0",
  "lockfileVersion": 1,
  "requires": true,
  "dependencies": {
    "notifyjs-browser": {
      "version": "0.4.2",
      "resolved": "https://registry.npmjs.org/notifyjs-browser/-/notifyjs-browser-0.4.2.tgz",
      "integrity": "sha1-SDe13ADLo2fTDAtRRy7ToIKlUDM="
    },
    "waypoints": {
      "version": "4.0.1",
      "resolved": "https://registry.npmjs.org/waypoints/-/waypoints-4.0.1.tgz",
      "integrity": "sha1-CZeaBXOBCylifLpDZqKEoGLsacg="
    }
  }
}
